<?xml version="1.0" encoding="utf-8"?>
<Project ToolsVersion="4.0" xmlns="http://schemas.microsoft.com/developer/msbuild/2003">
  <ItemGroup>
    <Filter Include="Source Files">
      <UniqueIdentifier>{4FC737F1-C7A5-4376-A066-2A32D752A2FF}</UniqueIdentifier>
      <Extensions>cpp;c;cc;cxx;def;odl;idl;hpj;bat;asm;asmx</Extensions>
    </Filter>
    <Filter Include="Header Files">
      <UniqueIdentifier>{93995380-89BD-4b04-88EB-625FBE52EBFB}</UniqueIdentifier>
      <Extensions>h;hpp;hxx;hm;inl;inc;xsd</Extensions>
    </Filter>
    <Filter Include="Resource Files">
      <UniqueIdentifier>{67DA6AB6-F800-4c08-8B7A-83BB121AAD01}</UniqueIdentifier>
      <Extensions>rc;ico;cur;bmp;dlg;rc2;rct;bin;rgs;gif;jpg;jpeg;jpe;resx;tiff;tif;png;wav;mfcribbon-ms</Extensions>
    </Filter>
    <Filter Include="Driver Files">
      <UniqueIdentifier>{8E41214B-6785-4CFE-B992-037D68949A14}</UniqueIdentifier>
      <Extensions>inf;inv;inx;mof;mc;</Extensions>
    </Filter>
    <Filter Include="Source Files\col">
      <UniqueIdentifier>{2ae03bcc-3481-4912-ba6b-b8afa684f446}</UniqueIdentifier>
    </Filter>
  </ItemGroup>
  <ItemGroup>
    <ClCompile Include="src\pm_callouts.c">
      <Filter>Source Files</Filter>
    </ClCompile>
    <ClCompile Include="src\pm_checksum.c">
      <Filter>Source Files</Filter>
    </ClCompile>
    <ClCompile Include="src\pm_debug.c">
      <Filter>Source Files</Filter>
    </ClCompile>
    <ClCompile Include="src\pm_kernel.c">
      <Filter>Source Files</Filter>
    </ClCompile>
    <ClCompile Include="src\pm_netbuffer.c">
      <Filter>Source Files</Filter>
    </ClCompile>
    <ClCompile Include="src\pm_register.c">
      <Filter>Source Files</Filter>
    </ClCompile>
    <ClCompile Include="src\pm_utils.c">
      <Filter>Source Files</Filter>
    </ClCompile>
    <ClCompile Include="col\verdict_cache.c">
      <Filter>Source Files\col</Filter>
    </ClCompile>
    <ClCompile Include="col\packet_cache.c">
      <Filter>Source Files\col</Filter>
    </ClCompile>
    <ClCompile Include="src\pm_packet.c">
      <Filter>Source Files</Filter>
    </ClCompile>
  </ItemGroup>
  <ItemGroup>
    <ResourceCompile Include="version.rc">
      <Filter>Resource Files</Filter>
    </ResourceCompile>
  </ItemGroup>
  <ItemGroup>
    <Inf Include="PortmasterKext64.inx">
      <Filter>Resource Files</Filter>
    </Inf>
    <Inf Include="PortmasterKext32.inx">
      <Filter>Resource Files</Filter>
    </Inf>
  </ItemGroup>
  <ItemGroup>
    <ClInclude Include="include\packet_cache.h">
      <Filter>Header Files</Filter>
    </ClInclude>
    <ClInclude Include="include\pm_callouts.h">
      <Filter>Header Files</Filter>
    </ClInclude>
    <ClInclude Include="include\pm_checksum.h">
      <Filter>Header Files</Filter>
    </ClInclude>
    <ClInclude Include="include\pm_kernel.h">
      <Filter>Header Files</Filter>
    </ClInclude>
    <ClInclude Include="include\pm_netbuffer.h">
      <Filter>Header Files</Filter>
    </ClInclude>
    <ClInclude Include="include\pm_register.h">
      <Filter>Header Files</Filter>
    </ClInclude>
    <ClInclude Include="include\pm_utils.h">
      <Filter>Header Files</Filter>
    </ClInclude>
    <ClInclude Include="include\verdict_cache.h">
      <Filter>Header Files</Filter>
    </ClInclude>
    <ClInclude Include="..\include\pm_common.h">
      <Filter>Header Files</Filter>
    </ClInclude>
    <ClInclude Include="..\include\pm_debug.h">
      <Filter>Header Files</Filter>
    </ClInclude>
    <ClInclude Include="..\include\pm_debug_dll.h">
      <Filter>Header Files</Filter>
    </ClInclude>
    <ClInclude Include="..\include\version.h">
      <Filter>Header Files</Filter>
    </ClInclude>
    <ClInclude Include="include\pm_packet.h">
      <Filter>Header Files</Filter>
    </ClInclude>
    <ClInclude Include="include\uthash.h">
      <Filter>Header Files</Filter>
    </ClInclude>
  </ItemGroup>
</Project>